// !$*UTF8*$!
{
	archiveVersion = 1;
	classes = {
	};
	objectVersion = 55;
	objects = {

/* Begin PBXBuildFile section */
		5A519E4E28B3889A00731770 /* main.cpp in Sources */ = {isa = PBXBuildFile; fileRef = 5A519E4D28B3889A00731770 /* main.cpp */; };
		5A519EDA28B3956200731770 /* AudioToolbox.framework in Frameworks */ = {isa = PBXBuildFile; fileRef = 5A519ED928B3956200731770 /* AudioToolbox.framework */; };
		5A519EE228B39C5500731770 /* CoreAudio.framework in Frameworks */ = {isa = PBXBuildFile; fileRef = 5A519EE128B39C5500731770 /* CoreAudio.framework */; };
		5A519EE328B3A93700731770 /* CARingBuffer.cpp in Sources */ = {isa = PBXBuildFile; fileRef = 5A519EDD28B395FB00731770 /* CARingBuffer.cpp */; };
		5A519EE828B3CC2900731770 /* CoreFoundation.framework in Frameworks */ = {isa = PBXBuildFile; fileRef = 5A519EE728B3CC2900731770 /* CoreFoundation.framework */; };
/* End PBXBuildFile section */

/* Begin PBXCopyFilesBuildPhase section */
		5A519E4828B3889A00731770 /* CopyFiles */ = {
			isa = PBXCopyFilesBuildPhase;
			buildActionMask = 2147483647;
			dstPath = /usr/share/man/man1/;
			dstSubfolderSpec = 0;
			files = (
			);
			runOnlyForDeploymentPostprocessing = 1;
		};
/* End PBXCopyFilesBuildPhase section */

/* Begin PBXFileReference section */
		5A519E4A28B3889A00731770 /* AUInput */ = {isa = PBXFileReference; explicitFileType = "compiled.mach-o.executable"; includeInIndex = 0; path = AUInput; sourceTree = BUILT_PRODUCTS_DIR; };
		5A519E4D28B3889A00731770 /* main.cpp */ = {isa = PBXFileReference; lastKnownFileType = sourcecode.cpp.cpp; path = main.cpp; sourceTree = "<group>"; };
		5A519E5528B3896500731770 /* utility.h */ = {isa = PBXFileReference; lastKnownFileType = sourcecode.c.h; path = utility.h; sourceTree = "<group>"; };
		5A519ED928B3956200731770 /* AudioToolbox.framework */ = {isa = PBXFileReference; lastKnownFileType = wrapper.framework; name = AudioToolbox.framework; path = System/Library/Frameworks/AudioToolbox.framework; sourceTree = SDKROOT; };
		5A519EDB28B3958A00731770 /* models.h */ = {isa = PBXFileReference; lastKnownFileType = sourcecode.c.h; path = models.h; sourceTree = "<group>"; };
		5A519EDD28B395FB00731770 /* CARingBuffer.cpp */ = {isa = PBXFileReference; lastKnownFileType = sourcecode.cpp.cpp; name = CARingBuffer.cpp; path = ../../../apple/CoreAudioUtilityClasses/CoreAudio/PublicUtility/CARingBuffer.cpp; sourceTree = "<group>"; };
		5A519EDE28B395FB00731770 /* CARingBuffer.h */ = {isa = PBXFileReference; lastKnownFileType = sourcecode.c.h; name = CARingBuffer.h; path = ../../../apple/CoreAudioUtilityClasses/CoreAudio/PublicUtility/CARingBuffer.h; sourceTree = "<group>"; };
		5A519EDF28B39C3E00731770 /* AudioUnit.framework */ = {isa = PBXFileReference; lastKnownFileType = wrapper.framework; name = AudioUnit.framework; path = System/Library/Frameworks/AudioUnit.framework; sourceTree = SDKROOT; };
		5A519EE128B39C5500731770 /* CoreAudio.framework */ = {isa = PBXFileReference; lastKnownFileType = wrapper.framework; name = CoreAudio.framework; path = System/Library/Frameworks/CoreAudio.framework; sourceTree = SDKROOT; };
		5A519EE428B3B67A00731770 /* AUInput.entitlements */ = {isa = PBXFileReference; lastKnownFileType = text.plist.entitlements; path = AUInput.entitlements; sourceTree = "<group>"; };
		5A519EE728B3CC2900731770 /* CoreFoundation.framework */ = {isa = PBXFileReference; lastKnownFileType = wrapper.framework; name = CoreFoundation.framework; path = System/Library/Frameworks/CoreFoundation.framework; sourceTree = SDKROOT; };
/* End PBXFileReference section */

/* Begin PBXFrameworksBuildPhase section */
		5A519E4728B3889A00731770 /* Frameworks */ = {
			isa = PBXFrameworksBuildPhase;
			buildActionMask = 2147483647;
			files = (
				5A519EE228B39C5500731770 /* CoreAudio.framework in Frameworks */,
				5A519EDA28B3956200731770 /* AudioToolbox.framework in Frameworks */,
				5A519EE828B3CC2900731770 /* CoreFoundation.framework in Frameworks */,
			);
			runOnlyForDeploymentPostprocessing = 0;
		};
/* End PBXFrameworksBuildPhase section */

/* Begin PBXGroup section */
		5A519E4128B3889A00731770 = {
			isa = PBXGroup;
			children = (
				5A519EDC28B395E200731770 /* PublicUtility */,
				5A519E4C28B3889A00731770 /* AUInput */,
				5A519E4B28B3889A00731770 /* Products */,
				5A519ED828B3956100731770 /* Frameworks */,
			);
			sourceTree = "<group>";
		};
		5A519E4B28B3889A00731770 /* Products */ = {
			isa = PBXGroup;
			children = (
				5A519E4A28B3889A00731770 /* AUInput */,
			);
			name = Products;
			sourceTree = "<group>";
		};
		5A519E4C28B3889A00731770 /* AUInput */ = {
			isa = PBXGroup;
			children = (
				5A519EE428B3B67A00731770 /* AUInput.entitlements */,
				5A519E4D28B3889A00731770 /* main.cpp */,
				5A519EDB28B3958A00731770 /* models.h */,
				5A519E5528B3896500731770 /* utility.h */,
			);
			path = AUInput;
			sourceTree = "<group>";
		};
		5A519ED828B3956100731770 /* Frameworks */ = {
			isa = PBXGroup;
			children = (
				5A519EE728B3CC2900731770 /* CoreFoundation.framework */,
				5A519EE128B39C5500731770 /* CoreAudio.framework */,
				5A519EDF28B39C3E00731770 /* AudioUnit.framework */,
				5A519ED928B3956200731770 /* AudioToolbox.framework */,
			);
			name = Frameworks;
			sourceTree = "<group>";
		};
		5A519EDC28B395E200731770 /* PublicUtility */ = {
			isa = PBXGroup;
			children = (
				5A519EDD28B395FB00731770 /* CARingBuffer.cpp */,
				5A519EDE28B395FB00731770 /* CARingBuffer.h */,
			);
			path = PublicUtility;
			sourceTree = "<group>";
		};
/* End PBXGroup section */

/* Begin PBXNativeTarget section */
		5A519E4928B3889A00731770 /* AUInput */ = {
			isa = PBXNativeTarget;
			buildConfigurationList = 5A519E5128B3889A00731770 /* Build configuration list for PBXNativeTarget "AUInput" */;
			buildPhases = (
				5A519E4628B3889A00731770 /* Sources */,
				5A519E4728B3889A00731770 /* Frameworks */,
				5A519E4828B3889A00731770 /* CopyFiles */,
			);
			buildRules = (
			);
			dependencies = (
			);
			name = AUInput;
			productName = AUInput;
			productReference = 5A519E4A28B3889A00731770 /* AUInput */;
			productType = "com.apple.product-type.tool";
		};
/* End PBXNativeTarget section */

/* Begin PBXProject section */
		5A519E4228B3889A00731770 /* Project object */ = {
			isa = PBXProject;
			attributes = {
				BuildIndependentTargetsInParallel = 1;
				LastUpgradeCheck = 1340;
				TargetAttributes = {
					5A519E4928B3889A00731770 = {
						CreatedOnToolsVersion = 13.4.1;
					};
				};
			};
			buildConfigurationList = 5A519E4528B3889A00731770 /* Build configuration list for PBXProject "AUInput" */;
			compatibilityVersion = "Xcode 13.0";
			developmentRegion = en;
			hasScannedForEncodings = 0;
			knownRegions = (
				en,
				Base,
			);
			mainGroup = 5A519E4128B3889A00731770;
			productRefGroup = 5A519E4B28B3889A00731770 /* Products */;
			projectDirPath = "";
			projectRoot = "";
			targets = (
				5A519E4928B3889A00731770 /* AUInput */,
			);
		};
/* End PBXProject section */

/* Begin PBXSourcesBuildPhase section */
		5A519E4628B3889A00731770 /* Sources */ = {
			isa = PBXSourcesBuildPhase;
			buildActionMask = 2147483647;
			files = (
				5A519E4E28B3889A00731770 /* main.cpp in Sources */,
				5A519EE328B3A93700731770 /* CARingBuffer.cpp in Sources */,
			);
			runOnlyForDeploymentPostprocessing = 0;
		};
/* End PBXSourcesBuildPhase section */

/* Begin XCBuildConfiguration section */
		5A519E4F28B3889A00731770 /* Debug */ = {
			isa = XCBuildConfiguration;
			buildSettings = {
				ALWAYS_SEARCH_USER_PATHS = NO;
				CLANG_ANALYZER_NONNULL = YES;
				CLANG_ANALYZER_NUMBER_OBJECT_CONVERSION = YES_AGGRESSIVE;
				CLANG_CXX_LANGUAGE_STANDARD = "gnu++17";
				CLANG_ENABLE_MODULES = YES;
				CLANG_ENABLE_OBJC_ARC = YES;
				CLANG_ENABLE_OBJC_WEAK = YES;
				CLANG_WARN_BLOCK_CAPTURE_AUTORELEASING = YES;
				CLANG_WARN_BOOL_CONVERSION = YES;
				CLANG_WARN_COMMA = YES;
				CLANG_WARN_CONSTANT_CONVERSION = YES;
				CLANG_WARN_DEPRECATED_OBJC_IMPLEMENTATIONS = YES;
				CLANG_WARN_DIRECT_OBJC_ISA_USAGE = YES_ERROR;
				CLANG_WARN_DOCUMENTATION_COMMENTS = YES;
				CLANG_WARN_EMPTY_BODY = YES;
				CLANG_WARN_ENUM_CONVERSION = YES;
				CLANG_WARN_INFINITE_RECURSION = YES;
				CLANG_WARN_INT_CONVERSION = YES;
				CLANG_WARN_NON_LITERAL_NULL_CONVERSION = YES;
				CLANG_WARN_OBJC_IMPLICIT_RETAIN_SELF = YES;
				CLANG_WARN_OBJC_LITERAL_CONVERSION = YES;
				CLANG_WARN_OBJC_ROOT_CLASS = YES_ERROR;
				CLANG_WARN_QUOTED_INCLUDE_IN_FRAMEWORK_HEADER = YES;
				CLANG_WARN_RANGE_LOOP_ANALYSIS = YES;
				CLANG_WARN_STRICT_PROTOTYPES = YES;
				CLANG_WARN_SUSPICIOUS_MOVE = YES;
				CLANG_WARN_UNGUARDED_AVAILABILITY = YES_AGGRESSIVE;
				CLANG_WARN_UNREACHABLE_CODE = YES;
				CLANG_WARN__DUPLICATE_METHOD_MATCH = YES;
				COPY_PHASE_STRIP = NO;
				DEBUG_INFORMATION_FORMAT = dwarf;
				ENABLE_STRICT_OBJC_MSGSEND = YES;
				ENABLE_TESTABILITY = YES;
				GCC_C_LANGUAGE_STANDARD = gnu11;
				GCC_DYNAMIC_NO_PIC = NO;
				GCC_NO_COMMON_BLOCKS = YES;
				GCC_OPTIMIZATION_LEVEL = 0;
				GCC_PREPROCESSOR_DEFINITIONS = (
					"DEBUG=1",
					"$(inherited)",
				);
				GCC_WARN_64_TO_32_BIT_CONVERSION = YES;
				GCC_WARN_ABOUT_RETURN_TYPE = YES_ERROR;
				GCC_WARN_UNDECLARED_SELECTOR = YES;
				GCC_WARN_UNINITIALIZED_AUTOS = YES_AGGRESSIVE;
				GCC_WARN_UNUSED_FUNCTION = YES;
				GCC_WARN_UNUSED_VARIABLE = YES;
				MACOSX_DEPLOYMENT_TARGET = 10.9;
				MTL_ENABLE_DEBUG_INFO = INCLUDE_SOURCE;
				MTL_FAST_MATH = YES;
				ONLY_ACTIVE_ARCH = YES;
				SDKROOT = macosx;
			};
			name = Debug;
		};
		5A519E5028B3889A00731770 /* Release */ = {
			isa = XCBuildConfiguration;
			buildSettings = {
				ALWAYS_SEARCH_USER_PATHS = NO;
				CLANG_ANALYZER_NONNULL = YES;
				CLANG_ANALYZER_NUMBER_OBJECT_CONVERSION = YES_AGGRESSIVE;
				CLANG_CXX_LANGUAGE_STANDARD = "gnu++17";
				CLANG_ENABLE_MODULES = YES;
				CLANG_ENABLE_OBJC_ARC = YES;
				CLANG_ENABLE_OBJC_WEAK = YES;
				CLANG_WARN_BLOCK_CAPTURE_AUTORELEASING = YES;
				CLANG_WARN_BOOL_CONVERSION = YES;
				CLANG_WARN_COMMA = YES;
				CLANG_WARN_CONSTANT_CONVERSION = YES;
				CLANG_WARN_DEPRECATED_OBJC_IMPLEMENTATIONS = YES;
				CLANG_WARN_DIRECT_OBJC_ISA_USAGE = YES_ERROR;
				CLANG_WARN_DOCUMENTATION_COMMENTS = YES;
				CLANG_WARN_EMPTY_BODY = YES;
				CLANG_WARN_ENUM_CONVERSION = YES;
				CLANG_WARN_INFINITE_RECURSION = YES;
				CLANG_WARN_INT_CONVERSION = YES;
				CLANG_WARN_NON_LITERAL_NULL_CONVERSION = YES;
				CLANG_WARN_OBJC_IMPLICIT_RETAIN_SELF = YES;
				CLANG_WARN_OBJC_LITERAL_CONVERSION = YES;
				CLANG_WARN_OBJC_ROOT_CLASS = YES_ERROR;
				CLANG_WARN_QUOTED_INCLUDE_IN_FRAMEWORK_HEADER = YES;
				CLANG_WARN_RANGE_LOOP_ANALYSIS = YES;
				CLANG_WARN_STRICT_PROTOTYPES = YES;
				CLANG_WARN_SUSPICIOUS_MOVE = YES;
				CLANG_WARN_UNGUARDED_AVAILABILITY = YES_AGGRESSIVE;
				CLANG_WARN_UNREACHABLE_CODE = YES;
				CLANG_WARN__DUPLICATE_METHOD_MATCH = YES;
				COPY_PHASE_STRIP = NO;
				DEBUG_INFORMATION_FORMAT = "dwarf-with-dsym";
				ENABLE_NS_ASSERTIONS = NO;
				ENABLE_STRICT_OBJC_MSGSEND = YES;
				GCC_C_LANGUAGE_STANDARD = gnu11;
				GCC_NO_COMMON_BLOCKS = YES;
				GCC_WARN_64_TO_32_BIT_CONVERSION = YES;
				GCC_WARN_ABOUT_RETURN_TYPE = YES_ERROR;
				GCC_WARN_UNDECLARED_SELECTOR = YES;
				GCC_WARN_UNINITIALIZED_AUTOS = YES_AGGRESSIVE;
				GCC_WARN_UNUSED_FUNCTION = YES;
				GCC_WARN_UNUSED_VARIABLE = YES;
				MACOSX_DEPLOYMENT_TARGET = 10.9;
				MTL_ENABLE_DEBUG_INFO = NO;
				MTL_FAST_MATH = YES;
				SDKROOT = macosx;
			};
			name = Release;
		};
		5A519E5228B3889A00731770 /* Debug */ = {
			isa = XCBuildConfiguration;
			buildSettings = {
				CODE_SIGN_ENTITLEMENTS = AUInput/AUInput.entitlements;
				CODE_SIGN_STYLE = Automatic;
				DEVELOPMENT_TEAM = 8Z9CP2T4M4;
				ENABLE_HARDENED_RUNTIME = YES;
				PRODUCT_NAME = "$(TARGET_NAME)";
			};
			name = Debug;
		};
		5A519E5328B3889A00731770 /* Release */ = {
			isa = XCBuildConfiguration;
			buildSettings = {
				CODE_SIGN_ENTITLEMENTS = AUInput/AUInput.entitlements;
				CODE_SIGN_STYLE = Automatic;
				DEVELOPMENT_TEAM = 8Z9CP2T4M4;
				ENABLE_HARDENED_RUNTIME = YES;
				PRODUCT_NAME = "$(TARGET_NAME)";
			};
			name = Release;
		};
/* End XCBuildConfiguration section */

/* Begin XCConfigurationList section */
		5A519E4528B3889A00731770 /* Build configuration list for PBXProject "AUInput" */ = {
			isa = XCConfigurationList;
			buildConfigurations = (
				5A519E4F28B3889A00731770 /* Debug */,
				5A519E5028B3889A00731770 /* Release */,
			);
			defaultConfigurationIsVisible = 0;
			defaultConfigurationName = Release;
		};
		5A519E5128B3889A00731770 /* Build configuration list for PBXNativeTarget "AUInput" */ = {
			isa = XCConfigurationList;
			buildConfigurations = (
				5A519E5228B3889A00731770 /* Debug */,
				5A519E5328B3889A00731770 /* Release */,
			);
			defaultConfigurationIsVisible = 0;
			defaultConfigurationName = Release;
		};
/* End XCConfigurationList section */
	};
	rootObject = 5A519E4228B3889A00731770 /* Project object */;
}
